
Microsoft Visual Studio Solution File, Format Version 12.00
# Visual Studio Version 17
VisualStudioVersion = 17.3.32819.101
MinimumVisualStudioVersion = 10.0.40219.1
Project("{FAE04EC0-301F-11D3-BF4B-00C04F79EFBC}") = "InventoryManagementSystem", "InventoryManagementSystem.csproj", "{C609C276-3817-486E-BEF7-896DD3223930}"
EndProject
Global
	GlobalSection(SolutionConfigurationPlatforms) = preSolution
		Debug|Any CPU = Debug|Any CPU
		Release|Any CPU = Release|Any CPU
	EndGlobalSection
	GlobalSection(ProjectConfigurationPlatforms) = postSolution
		{C609C276-3817-486E-BEF7-896DD3223930}.Debug|Any CPU.ActiveCfg = Debug|Any CPU
		{C609C276-3817-486E-BEF7-896DD3223930}.Debug|Any CPU.Build.0 = Debug|Any CPU
		{C609C276-3817-486E-BEF7-896DD3223930}.Release|Any CPU.ActiveCfg = Release|Any CPU
		{C609C276-3817-486E-BEF7-896DD3223930}.Release|Any CPU.Build.0 = Release|Any CPU
	EndGlobalSection
	GlobalSection(SolutionProperties) = preSolution
		HideSolutionNode = FALSE
	EndGlobalSection
	GlobalSection(ExtensibilityGlobals) = postSolution
		SolutionGuid = {1E7FE7BB-D700-46AB-B723-42A45B1D2E45}
	EndGlobalSection
EndGlobal
